
Microsoft Visual Studio Solution File, Format Version 12.00
Project("{FAE04EC0-301F-11D3-BF4B-00C04F79EFBC}") = "DirScanner", "DirScanner\DirScanner.csproj", "{3D1AAB07-DF5C-4821-8050-1ED75C1CF8DE}"
EndProject
Global
	GlobalSection(SolutionConfigurationPlatforms) = preSolution
		Debug|Any CPU = Debug|Any CPU
		Release|Any CPU = Release|Any CPU
	EndGlobalSection
	GlobalSection(ProjectConfigurationPlatforms) = postSolution
		{3D1AAB07-DF5C-4821-8050-1ED75C1CF8DE}.Debug|Any CPU.ActiveCfg = Debug|Any CPU
		{3D1AAB07-DF5C-4821-8050-1ED75C1CF8DE}.Debug|Any CPU.Build.0 = Debug|Any CPU
		{3D1AAB07-DF5C-4821-8050-1ED75C1CF8DE}.Release|Any CPU.ActiveCfg = Release|Any CPU
		{3D1AAB07-DF5C-4821-8050-1ED75C1CF8DE}.Release|Any CPU.Build.0 = Release|Any CPU
	EndGlobalSection
EndGlobal
